
Microsoft Visual Studio Solution File, Format Version 12.00
# Visual Studio 15
VisualStudioVersion = 15.0.28307.102
MinimumVisualStudioVersion = 10.0.40219.1
Project("{9A19103F-16F7-4668-BE54-9A1E7A4F7556}") = "SpiceApplication.Server", "SpiceApplication.Server\SpiceApplication.Server.csproj", "{11C46B43-0187-4180-81AF-DDA5AF516E2F}"
EndProject
Project("{9A19103F-16F7-4668-BE54-9A1E7A4F7556}") = "SpiceApplication.App", "SpiceApplication.App\SpiceApplication.App.csproj", "{8585BA37-E3AD-4D61-9B51-B57ED527F685}"
EndProject
Global
	GlobalSection(SolutionConfigurationPlatforms) = preSolution
		Debug|Any CPU = Debug|Any CPU
		Release|Any CPU = Release|Any CPU
	EndGlobalSection
	GlobalSection(ProjectConfigurationPlatforms) = postSolution
		{11C46B43-0187-4180-81AF-DDA5AF516E2F}.Debug|Any CPU.ActiveCfg = Debug|Any CPU
		{11C46B43-0187-4180-81AF-DDA5AF516E2F}.Debug|Any CPU.Build.0 = Debug|Any CPU
		{11C46B43-0187-4180-81AF-DDA5AF516E2F}.Release|Any CPU.ActiveCfg = Release|Any CPU
		{11C46B43-0187-4180-81AF-DDA5AF516E2F}.Release|Any CPU.Build.0 = Release|Any CPU
		{8585BA37-E3AD-4D61-9B51-B57ED527F685}.Debug|Any CPU.ActiveCfg = Debug|Any CPU
		{8585BA37-E3AD-4D61-9B51-B57ED527F685}.Debug|Any CPU.Build.0 = Debug|Any CPU
		{8585BA37-E3AD-4D61-9B51-B57ED527F685}.Release|Any CPU.ActiveCfg = Release|Any CPU
		{8585BA37-E3AD-4D61-9B51-B57ED527F685}.Release|Any CPU.Build.0 = Release|Any CPU
	EndGlobalSection
	GlobalSection(SolutionProperties) = preSolution
		HideSolutionNode = FALSE
	EndGlobalSection
	GlobalSection(ExtensibilityGlobals) = postSolution
		SolutionGuid = {8B7D91F3-FABE-42A7-A6ED-CE805C899295}
	EndGlobalSection
EndGlobal
